
Microsoft Visual Studio Solution File, Format Version 12.00
# Visual Studio 15
Project("{FAE04EC0-301F-11D3-BF4B-00C04F79EFBC}") = "Hub.Logging", "Hub.Logging\Hub.Logging.csproj", "{A5739153-32DC-43A1-874E-9C76EBF92C2A}"
EndProject
Project("{FAE04EC0-301F-11D3-BF4B-00C04F79EFBC}") = "Hub.HostedServices", "Hub.HostedServices\Hub.HostedServices.csproj", "{510CFB90-6FCD-4F6C-A4C2-48A17E7A8CD3}"
EndProject
Project("{FAE04EC0-301F-11D3-BF4B-00C04F79EFBC}") = "Hub.Web.Http", "Hub.Web\Hub.Web.Http\Hub.Web.Http.csproj", "{78DC9B62-21DC-4511-AC01-63DAFF5D6A2C}"
EndProject
Project("{FAE04EC0-301F-11D3-BF4B-00C04F79EFBC}") = "Hub.Web.ViewModels", "Hub.Web\Hub.Web.ViewModels\Hub.Web.ViewModels.csproj", "{263750E6-34DB-4864-98D3-3AB2B92E52BA}"
EndProject
Project("{FAE04EC0-301F-11D3-BF4B-00C04F79EFBC}") = "Hub.Web.ApiControllers", "Hub.Web\Hub.Web.ApiControllers\Hub.Web.ApiControllers.csproj", "{B536B2CA-27D8-4246-BB09-6A6FA40F6B62}"
EndProject
Project("{FAE04EC0-301F-11D3-BF4B-00C04F79EFBC}") = "Hub.Storage.Providers", "Hub.Storage\Hub.Storage.Providers\Hub.Storage.Providers.csproj", "{6DEFEB02-32CF-43BB-87FF-2C5D105C6F6B}"
EndProject
Project("{FAE04EC0-301F-11D3-BF4B-00C04F79EFBC}") = "Hub.Storage.Dto", "Hub.Storage\Hub.Storage.Dto\Hub.Storage.Dto.csproj", "{726E33FD-EA1E-4D39-9161-654B2FFCD027}"
EndProject
Project("{FAE04EC0-301F-11D3-BF4B-00C04F79EFBC}") = "Hub.Storage.Factories", "Hub.Storage\Hub.Storage.Factories\Hub.Storage.Factories.csproj", "{8EE09E19-8D90-4876-8BD9-CBBCC04816BA}"
EndProject
Project("{FAE04EC0-301F-11D3-BF4B-00C04F79EFBC}") = "Hub.Storage.Entities", "Hub.Storage\Hub.Storage.Entities\Hub.Storage.Entities.csproj", "{D844A777-EBA9-4740-B5C3-E65A81B03546}"
EndProject
Project("{FAE04EC0-301F-11D3-BF4B-00C04F79EFBC}") = "Hub.Storage\Hub.Storage.Repository", "Hub.Storage\Hub.Storage.Repository\Hub.Storage.Repository.csproj", "{2EC9E03E-FA3D-4276-9A3F-F5A5066D37BB}"
EndProject
Project("{FAE04EC0-301F-11D3-BF4B-00C04F79EFBC}") = "Hub.Extensions", "Hub.Extensions\Hub.Extensions.csproj", "{D79812C5-6B79-408C-BBCE-1E4559224789}"
EndProject
Project("{FAE04EC0-301F-11D3-BF4B-00C04F79EFBC}") = "Hub.Storage.Mapping", "Hub.Storage\Hub.Storage.Mapping\Hub.Storage.Mapping.csproj", "{A541B5D4-B8F6-4B2E-9B0D-7E09EEED0B02}"
EndProject
Project("{FAE04EC0-301F-11D3-BF4B-00C04F79EFBC}") = "Hub.Web.HostBuilder", "Hub.Web\Hub.Web.HostBuilder\Hub.Web.HostBuilder.csproj", "{6BBCAF45-6909-4437-9975-E9639E72B940}"
EndProject
Project("{FAE04EC0-301F-11D3-BF4B-00C04F79EFBC}") = "Hub.Web.Startup", "Hub.Web\Hub.Web.Startup\Hub.Web.Startup.csproj", "{210DC545-F5B0-446D-BBC1-4F3F8FD1FA4A}"
EndProject
Project("{2150E333-8FDC-42A3-9474-1A3956D46DE8}") = "Hub.Web", "Hub.Web", "{B328846E-B016-4808-9D8E-F7D986C53CD6}"
EndProject
Project("{2150E333-8FDC-42A3-9474-1A3956D46DE8}") = "Hub.Storage", "Hub.Storage", "{AA100D82-33FB-46C7-88FD-BC48DCC1B684}"
EndProject
Project("{FAE04EC0-301F-11D3-BF4B-00C04F79EFBC}") = "Hub.Web.DependencyRegistration", "Hub.Web\Hub.Web.DependencyRegistration\Hub.Web.DependencyRegistration.csproj", "{70BC09F6-014B-4EAB-BE72-9FDDE6851487}"
EndProject
Project("{FAE04EC0-301F-11D3-BF4B-00C04F79EFBC}") = "Hub.Storage.DependencyRegistration", "Hub.Storage\Hub.Storage.DependencyRegistration\Hub.Storage.DependencyRegistration.csproj", "{04A5C743-BC02-4897-AD5D-B9FDA713F0D4}"
EndProject
Global
	GlobalSection(SolutionConfigurationPlatforms) = preSolution
		Debug|Any CPU = Debug|Any CPU
		Release|Any CPU = Release|Any CPU
	EndGlobalSection
	GlobalSection(ProjectConfigurationPlatforms) = postSolution
		{A5739153-32DC-43A1-874E-9C76EBF92C2A}.Debug|Any CPU.ActiveCfg = Debug|Any CPU
		{A5739153-32DC-43A1-874E-9C76EBF92C2A}.Debug|Any CPU.Build.0 = Debug|Any CPU
		{A5739153-32DC-43A1-874E-9C76EBF92C2A}.Release|Any CPU.ActiveCfg = Release|Any CPU
		{A5739153-32DC-43A1-874E-9C76EBF92C2A}.Release|Any CPU.Build.0 = Release|Any CPU
		{510CFB90-6FCD-4F6C-A4C2-48A17E7A8CD3}.Debug|Any CPU.ActiveCfg = Debug|Any CPU
		{510CFB90-6FCD-4F6C-A4C2-48A17E7A8CD3}.Debug|Any CPU.Build.0 = Debug|Any CPU
		{510CFB90-6FCD-4F6C-A4C2-48A17E7A8CD3}.Release|Any CPU.ActiveCfg = Release|Any CPU
		{510CFB90-6FCD-4F6C-A4C2-48A17E7A8CD3}.Release|Any CPU.Build.0 = Release|Any CPU
		{78DC9B62-21DC-4511-AC01-63DAFF5D6A2C}.Debug|Any CPU.ActiveCfg = Debug|Any CPU
		{78DC9B62-21DC-4511-AC01-63DAFF5D6A2C}.Debug|Any CPU.Build.0 = Debug|Any CPU
		{78DC9B62-21DC-4511-AC01-63DAFF5D6A2C}.Release|Any CPU.ActiveCfg = Release|Any CPU
		{78DC9B62-21DC-4511-AC01-63DAFF5D6A2C}.Release|Any CPU.Build.0 = Release|Any CPU
		{263750E6-34DB-4864-98D3-3AB2B92E52BA}.Debug|Any CPU.ActiveCfg = Debug|Any CPU
		{263750E6-34DB-4864-98D3-3AB2B92E52BA}.Debug|Any CPU.Build.0 = Debug|Any CPU
		{263750E6-34DB-4864-98D3-3AB2B92E52BA}.Release|Any CPU.ActiveCfg = Release|Any CPU
		{263750E6-34DB-4864-98D3-3AB2B92E52BA}.Release|Any CPU.Build.0 = Release|Any CPU
		{B536B2CA-27D8-4246-BB09-6A6FA40F6B62}.Debug|Any CPU.ActiveCfg = Debug|Any CPU
		{B536B2CA-27D8-4246-BB09-6A6FA40F6B62}.Debug|Any CPU.Build.0 = Debug|Any CPU
		{B536B2CA-27D8-4246-BB09-6A6FA40F6B62}.Release|Any CPU.ActiveCfg = Release|Any CPU
		{B536B2CA-27D8-4246-BB09-6A6FA40F6B62}.Release|Any CPU.Build.0 = Release|Any CPU
		{6DEFEB02-32CF-43BB-87FF-2C5D105C6F6B}.Debug|Any CPU.ActiveCfg = Debug|Any CPU
		{6DEFEB02-32CF-43BB-87FF-2C5D105C6F6B}.Debug|Any CPU.Build.0 = Debug|Any CPU
		{6DEFEB02-32CF-43BB-87FF-2C5D105C6F6B}.Release|Any CPU.ActiveCfg = Release|Any CPU
		{6DEFEB02-32CF-43BB-87FF-2C5D105C6F6B}.Release|Any CPU.Build.0 = Release|Any CPU
		{726E33FD-EA1E-4D39-9161-654B2FFCD027}.Debug|Any CPU.ActiveCfg = Debug|Any CPU
		{726E33FD-EA1E-4D39-9161-654B2FFCD027}.Debug|Any CPU.Build.0 = Debug|Any CPU
		{726E33FD-EA1E-4D39-9161-654B2FFCD027}.Release|Any CPU.ActiveCfg = Release|Any CPU
		{726E33FD-EA1E-4D39-9161-654B2FFCD027}.Release|Any CPU.Build.0 = Release|Any CPU
		{8EE09E19-8D90-4876-8BD9-CBBCC04816BA}.Debug|Any CPU.ActiveCfg = Debug|Any CPU
		{8EE09E19-8D90-4876-8BD9-CBBCC04816BA}.Debug|Any CPU.Build.0 = Debug|Any CPU
		{8EE09E19-8D90-4876-8BD9-CBBCC04816BA}.Release|Any CPU.ActiveCfg = Release|Any CPU
		{8EE09E19-8D90-4876-8BD9-CBBCC04816BA}.Release|Any CPU.Build.0 = Release|Any CPU
		{D844A777-EBA9-4740-B5C3-E65A81B03546}.Debug|Any CPU.ActiveCfg = Debug|Any CPU
		{D844A777-EBA9-4740-B5C3-E65A81B03546}.Debug|Any CPU.Build.0 = Debug|Any CPU
		{D844A777-EBA9-4740-B5C3-E65A81B03546}.Release|Any CPU.ActiveCfg = Release|Any CPU
		{D844A777-EBA9-4740-B5C3-E65A81B03546}.Release|Any CPU.Build.0 = Release|Any CPU
		{2EC9E03E-FA3D-4276-9A3F-F5A5066D37BB}.Debug|Any CPU.ActiveCfg = Debug|Any CPU
		{2EC9E03E-FA3D-4276-9A3F-F5A5066D37BB}.Debug|Any CPU.Build.0 = Debug|Any CPU
		{2EC9E03E-FA3D-4276-9A3F-F5A5066D37BB}.Release|Any CPU.ActiveCfg = Release|Any CPU
		{2EC9E03E-FA3D-4276-9A3F-F5A5066D37BB}.Release|Any CPU.Build.0 = Release|Any CPU
		{D79812C5-6B79-408C-BBCE-1E4559224789}.Debug|Any CPU.ActiveCfg = Debug|Any CPU
		{D79812C5-6B79-408C-BBCE-1E4559224789}.Debug|Any CPU.Build.0 = Debug|Any CPU
		{D79812C5-6B79-408C-BBCE-1E4559224789}.Release|Any CPU.ActiveCfg = Release|Any CPU
		{D79812C5-6B79-408C-BBCE-1E4559224789}.Release|Any CPU.Build.0 = Release|Any CPU
		{A541B5D4-B8F6-4B2E-9B0D-7E09EEED0B02}.Debug|Any CPU.ActiveCfg = Debug|Any CPU
		{A541B5D4-B8F6-4B2E-9B0D-7E09EEED0B02}.Debug|Any CPU.Build.0 = Debug|Any CPU
		{A541B5D4-B8F6-4B2E-9B0D-7E09EEED0B02}.Release|Any CPU.ActiveCfg = Release|Any CPU
		{A541B5D4-B8F6-4B2E-9B0D-7E09EEED0B02}.Release|Any CPU.Build.0 = Release|Any CPU
		{6BBCAF45-6909-4437-9975-E9639E72B940}.Debug|Any CPU.ActiveCfg = Debug|Any CPU
		{6BBCAF45-6909-4437-9975-E9639E72B940}.Debug|Any CPU.Build.0 = Debug|Any CPU
		{6BBCAF45-6909-4437-9975-E9639E72B940}.Release|Any CPU.ActiveCfg = Release|Any CPU
		{6BBCAF45-6909-4437-9975-E9639E72B940}.Release|Any CPU.Build.0 = Release|Any CPU
		{210DC545-F5B0-446D-BBC1-4F3F8FD1FA4A}.Debug|Any CPU.ActiveCfg = Debug|Any CPU
		{210DC545-F5B0-446D-BBC1-4F3F8FD1FA4A}.Debug|Any CPU.Build.0 = Debug|Any CPU
		{210DC545-F5B0-446D-BBC1-4F3F8FD1FA4A}.Release|Any CPU.ActiveCfg = Release|Any CPU
		{210DC545-F5B0-446D-BBC1-4F3F8FD1FA4A}.Release|Any CPU.Build.0 = Release|Any CPU
		{70BC09F6-014B-4EAB-BE72-9FDDE6851487}.Debug|Any CPU.ActiveCfg = Debug|Any CPU
		{70BC09F6-014B-4EAB-BE72-9FDDE6851487}.Debug|Any CPU.Build.0 = Debug|Any CPU
		{70BC09F6-014B-4EAB-BE72-9FDDE6851487}.Release|Any CPU.ActiveCfg = Release|Any CPU
		{70BC09F6-014B-4EAB-BE72-9FDDE6851487}.Release|Any CPU.Build.0 = Release|Any CPU
		{04A5C743-BC02-4897-AD5D-B9FDA713F0D4}.Debug|Any CPU.ActiveCfg = Debug|Any CPU
		{04A5C743-BC02-4897-AD5D-B9FDA713F0D4}.Debug|Any CPU.Build.0 = Debug|Any CPU
		{04A5C743-BC02-4897-AD5D-B9FDA713F0D4}.Release|Any CPU.ActiveCfg = Release|Any CPU
		{04A5C743-BC02-4897-AD5D-B9FDA713F0D4}.Release|Any CPU.Build.0 = Release|Any CPU
	EndGlobalSection
	GlobalSection(NestedProjects) = preSolution
		{B536B2CA-27D8-4246-BB09-6A6FA40F6B62} = {B328846E-B016-4808-9D8E-F7D986C53CD6}
		{6BBCAF45-6909-4437-9975-E9639E72B940} = {B328846E-B016-4808-9D8E-F7D986C53CD6}
		{78DC9B62-21DC-4511-AC01-63DAFF5D6A2C} = {B328846E-B016-4808-9D8E-F7D986C53CD6}
		{210DC545-F5B0-446D-BBC1-4F3F8FD1FA4A} = {B328846E-B016-4808-9D8E-F7D986C53CD6}
		{263750E6-34DB-4864-98D3-3AB2B92E52BA} = {B328846E-B016-4808-9D8E-F7D986C53CD6}
		{726E33FD-EA1E-4D39-9161-654B2FFCD027} = {AA100D82-33FB-46C7-88FD-BC48DCC1B684}
		{D844A777-EBA9-4740-B5C3-E65A81B03546} = {AA100D82-33FB-46C7-88FD-BC48DCC1B684}
		{8EE09E19-8D90-4876-8BD9-CBBCC04816BA} = {AA100D82-33FB-46C7-88FD-BC48DCC1B684}
		{A541B5D4-B8F6-4B2E-9B0D-7E09EEED0B02} = {AA100D82-33FB-46C7-88FD-BC48DCC1B684}
		{6DEFEB02-32CF-43BB-87FF-2C5D105C6F6B} = {AA100D82-33FB-46C7-88FD-BC48DCC1B684}
		{2EC9E03E-FA3D-4276-9A3F-F5A5066D37BB} = {AA100D82-33FB-46C7-88FD-BC48DCC1B684}
		{70BC09F6-014B-4EAB-BE72-9FDDE6851487} = {B328846E-B016-4808-9D8E-F7D986C53CD6}
		{04A5C743-BC02-4897-AD5D-B9FDA713F0D4} = {AA100D82-33FB-46C7-88FD-BC48DCC1B684}
	EndGlobalSection
EndGlobal
