
Microsoft Visual Studio Solution File, Format Version 12.00
# Visual Studio 15
Project("{FAE04EC0-301F-11D3-BF4B-00C04F79EFBC}") = "Hub.Logging", "Hub.Logging\Hub.Logging.csproj", "{A5739153-32DC-43A1-874E-9C76EBF92C2A}"
EndProject
Project("{FAE04EC0-301F-11D3-BF4B-00C04F79EFBC}") = "Hub.HostedServices", "Hub.HostedServices\Hub.HostedServices.csproj", "{510CFB90-6FCD-4F6C-A4C2-48A17E7A8CD3}"
EndProject
Project("{FAE04EC0-301F-11D3-BF4B-00C04F79EFBC}") = "Hub.Web.Http", "Hub.Web\Hub.Web.Http\Hub.Web.Http.csproj", "{78DC9B62-21DC-4511-AC01-63DAFF5D6A2C}"
EndProject
Project("{FAE04EC0-301F-11D3-BF4B-00C04F79EFBC}") = "Hub.Storage.Providers", "Hub.Storage\Hub.Storage.Providers\Hub.Storage.Providers.csproj", "{6DEFEB02-32CF-43BB-87FF-2C5D105C6F6B}"
EndProject
Project("{FAE04EC0-301F-11D3-BF4B-00C04F79EFBC}") = "Hub.Storage.Factories", "Hub.Storage\Hub.Storage.Factories\Hub.Storage.Factories.csproj", "{8EE09E19-8D90-4876-8BD9-CBBCC04816BA}"
EndProject
Project("{FAE04EC0-301F-11D3-BF4B-00C04F79EFBC}") = "Hub.Storage\Hub.Storage.Repository", "Hub.Storage\Hub.Storage.Repository\Hub.Storage.Repository.csproj", "{2EC9E03E-FA3D-4276-9A3F-F5A5066D37BB}"
EndProject
Project("{FAE04EC0-301F-11D3-BF4B-00C04F79EFBC}") = "Hub.Extensions", "Hub.Extensions\Hub.Extensions.csproj", "{D79812C5-6B79-408C-BBCE-1E4559224789}"
EndProject
Project("{2150E333-8FDC-42A3-9474-1A3956D46DE8}") = "Hub.Web", "Hub.Web", "{B328846E-B016-4808-9D8E-F7D986C53CD6}"
EndProject
Project("{2150E333-8FDC-42A3-9474-1A3956D46DE8}") = "Hub.Storage", "Hub.Storage", "{AA100D82-33FB-46C7-88FD-BC48DCC1B684}"
EndProject
Project("{FAE04EC0-301F-11D3-BF4B-00C04F79EFBC}") = "Hub.Web.Api", "Hub.Web\Hub.Web.Api\Hub.Web.Api.csproj", "{465AFB07-0285-4182-9513-6C5EE29F3B42}"
EndProject
Project("{FAE04EC0-301F-11D3-BF4B-00C04F79EFBC}") = "Hub.Web.BlazorServer", "Hub.Web\Hub.Web.BlazorServer\Hub.Web.BlazorServer.csproj", "{A7FE0CE7-80A6-41F6-8A05-863A2EE3724E}"
EndProject
Project("{FAE04EC0-301F-11D3-BF4B-00C04F79EFBC}") = "Hub.Storage.Core", "Hub.Storage\Hub.Storage.Core\Hub.Storage.Core.csproj", "{E0997BAB-BE2A-4B4E-AC35-212F41F71413}"
EndProject
Global
	GlobalSection(SolutionConfigurationPlatforms) = preSolution
		Debug|Any CPU = Debug|Any CPU
		Release|Any CPU = Release|Any CPU
	EndGlobalSection
	GlobalSection(ProjectConfigurationPlatforms) = postSolution
		{A5739153-32DC-43A1-874E-9C76EBF92C2A}.Debug|Any CPU.ActiveCfg = Debug|Any CPU
		{A5739153-32DC-43A1-874E-9C76EBF92C2A}.Debug|Any CPU.Build.0 = Debug|Any CPU
		{A5739153-32DC-43A1-874E-9C76EBF92C2A}.Release|Any CPU.ActiveCfg = Release|Any CPU
		{A5739153-32DC-43A1-874E-9C76EBF92C2A}.Release|Any CPU.Build.0 = Release|Any CPU
		{510CFB90-6FCD-4F6C-A4C2-48A17E7A8CD3}.Debug|Any CPU.ActiveCfg = Debug|Any CPU
		{510CFB90-6FCD-4F6C-A4C2-48A17E7A8CD3}.Debug|Any CPU.Build.0 = Debug|Any CPU
		{510CFB90-6FCD-4F6C-A4C2-48A17E7A8CD3}.Release|Any CPU.ActiveCfg = Release|Any CPU
		{510CFB90-6FCD-4F6C-A4C2-48A17E7A8CD3}.Release|Any CPU.Build.0 = Release|Any CPU
		{78DC9B62-21DC-4511-AC01-63DAFF5D6A2C}.Debug|Any CPU.ActiveCfg = Debug|Any CPU
		{78DC9B62-21DC-4511-AC01-63DAFF5D6A2C}.Debug|Any CPU.Build.0 = Debug|Any CPU
		{78DC9B62-21DC-4511-AC01-63DAFF5D6A2C}.Release|Any CPU.ActiveCfg = Release|Any CPU
		{78DC9B62-21DC-4511-AC01-63DAFF5D6A2C}.Release|Any CPU.Build.0 = Release|Any CPU
		{6DEFEB02-32CF-43BB-87FF-2C5D105C6F6B}.Debug|Any CPU.ActiveCfg = Debug|Any CPU
		{6DEFEB02-32CF-43BB-87FF-2C5D105C6F6B}.Debug|Any CPU.Build.0 = Debug|Any CPU
		{6DEFEB02-32CF-43BB-87FF-2C5D105C6F6B}.Release|Any CPU.ActiveCfg = Release|Any CPU
		{6DEFEB02-32CF-43BB-87FF-2C5D105C6F6B}.Release|Any CPU.Build.0 = Release|Any CPU
		{8EE09E19-8D90-4876-8BD9-CBBCC04816BA}.Debug|Any CPU.ActiveCfg = Debug|Any CPU
		{8EE09E19-8D90-4876-8BD9-CBBCC04816BA}.Debug|Any CPU.Build.0 = Debug|Any CPU
		{8EE09E19-8D90-4876-8BD9-CBBCC04816BA}.Release|Any CPU.ActiveCfg = Release|Any CPU
		{8EE09E19-8D90-4876-8BD9-CBBCC04816BA}.Release|Any CPU.Build.0 = Release|Any CPU
		{2EC9E03E-FA3D-4276-9A3F-F5A5066D37BB}.Debug|Any CPU.ActiveCfg = Debug|Any CPU
		{2EC9E03E-FA3D-4276-9A3F-F5A5066D37BB}.Debug|Any CPU.Build.0 = Debug|Any CPU
		{2EC9E03E-FA3D-4276-9A3F-F5A5066D37BB}.Release|Any CPU.ActiveCfg = Release|Any CPU
		{2EC9E03E-FA3D-4276-9A3F-F5A5066D37BB}.Release|Any CPU.Build.0 = Release|Any CPU
		{D79812C5-6B79-408C-BBCE-1E4559224789}.Debug|Any CPU.ActiveCfg = Debug|Any CPU
		{D79812C5-6B79-408C-BBCE-1E4559224789}.Debug|Any CPU.Build.0 = Debug|Any CPU
		{D79812C5-6B79-408C-BBCE-1E4559224789}.Release|Any CPU.ActiveCfg = Release|Any CPU
		{D79812C5-6B79-408C-BBCE-1E4559224789}.Release|Any CPU.Build.0 = Release|Any CPU
		{465AFB07-0285-4182-9513-6C5EE29F3B42}.Debug|Any CPU.ActiveCfg = Debug|Any CPU
		{465AFB07-0285-4182-9513-6C5EE29F3B42}.Debug|Any CPU.Build.0 = Debug|Any CPU
		{465AFB07-0285-4182-9513-6C5EE29F3B42}.Release|Any CPU.ActiveCfg = Release|Any CPU
		{465AFB07-0285-4182-9513-6C5EE29F3B42}.Release|Any CPU.Build.0 = Release|Any CPU
		{A7FE0CE7-80A6-41F6-8A05-863A2EE3724E}.Debug|Any CPU.ActiveCfg = Debug|Any CPU
		{A7FE0CE7-80A6-41F6-8A05-863A2EE3724E}.Debug|Any CPU.Build.0 = Debug|Any CPU
		{A7FE0CE7-80A6-41F6-8A05-863A2EE3724E}.Release|Any CPU.ActiveCfg = Release|Any CPU
		{A7FE0CE7-80A6-41F6-8A05-863A2EE3724E}.Release|Any CPU.Build.0 = Release|Any CPU
		{E0997BAB-BE2A-4B4E-AC35-212F41F71413}.Debug|Any CPU.ActiveCfg = Debug|Any CPU
		{E0997BAB-BE2A-4B4E-AC35-212F41F71413}.Debug|Any CPU.Build.0 = Debug|Any CPU
		{E0997BAB-BE2A-4B4E-AC35-212F41F71413}.Release|Any CPU.ActiveCfg = Release|Any CPU
		{E0997BAB-BE2A-4B4E-AC35-212F41F71413}.Release|Any CPU.Build.0 = Release|Any CPU
	EndGlobalSection
	GlobalSection(NestedProjects) = preSolution
		{78DC9B62-21DC-4511-AC01-63DAFF5D6A2C} = {B328846E-B016-4808-9D8E-F7D986C53CD6}
		{8EE09E19-8D90-4876-8BD9-CBBCC04816BA} = {AA100D82-33FB-46C7-88FD-BC48DCC1B684}
		{6DEFEB02-32CF-43BB-87FF-2C5D105C6F6B} = {AA100D82-33FB-46C7-88FD-BC48DCC1B684}
		{2EC9E03E-FA3D-4276-9A3F-F5A5066D37BB} = {AA100D82-33FB-46C7-88FD-BC48DCC1B684}
		{A7FE0CE7-80A6-41F6-8A05-863A2EE3724E} = {B328846E-B016-4808-9D8E-F7D986C53CD6}
		{465AFB07-0285-4182-9513-6C5EE29F3B42} = {B328846E-B016-4808-9D8E-F7D986C53CD6}
		{E0997BAB-BE2A-4B4E-AC35-212F41F71413} = {AA100D82-33FB-46C7-88FD-BC48DCC1B684}
	EndGlobalSection
EndGlobal
