
Microsoft Visual Studio Solution File, Format Version 12.00
# Visual Studio 15
Project("{FAE04EC0-301F-11D3-BF4B-00C04F79EFBC}") = "Hub.Logging", "Hub.Logging\Hub.Logging.csproj", "{A5739153-32DC-43A1-874E-9C76EBF92C2A}"
EndProject
Project("{FAE04EC0-301F-11D3-BF4B-00C04F79EFBC}") = "Hub.Web.Http", "Hub.Web\Hub.Web.Http\Hub.Web.Http.csproj", "{78DC9B62-21DC-4511-AC01-63DAFF5D6A2C}"
EndProject
Project("{FAE04EC0-301F-11D3-BF4B-00C04F79EFBC}") = "Hub.Storage\Hub.Storage.Repository", "Hub.Storage\Hub.Storage.Repository\Hub.Storage.Repository.csproj", "{2EC9E03E-FA3D-4276-9A3F-F5A5066D37BB}"
EndProject
Project("{FAE04EC0-301F-11D3-BF4B-00C04F79EFBC}") = "Hub.Extensions", "Hub.Extensions\Hub.Extensions.csproj", "{D79812C5-6B79-408C-BBCE-1E4559224789}"
EndProject
Project("{2150E333-8FDC-42A3-9474-1A3956D46DE8}") = "Hub.Web", "Hub.Web", "{B328846E-B016-4808-9D8E-F7D986C53CD6}"
EndProject
Project("{2150E333-8FDC-42A3-9474-1A3956D46DE8}") = "Hub.Storage", "Hub.Storage", "{AA100D82-33FB-46C7-88FD-BC48DCC1B684}"
EndProject
Project("{FAE04EC0-301F-11D3-BF4B-00C04F79EFBC}") = "Hub.Web.Api", "Hub.Web\Hub.Web.Api\Hub.Web.Api.csproj", "{465AFB07-0285-4182-9513-6C5EE29F3B42}"
EndProject
Project("{FAE04EC0-301F-11D3-BF4B-00C04F79EFBC}") = "Hub.Web.BlazorServer", "Hub.Web\Hub.Web.BlazorServer\Hub.Web.BlazorServer.csproj", "{A7FE0CE7-80A6-41F6-8A05-863A2EE3724E}"
EndProject
Project("{2150E333-8FDC-42A3-9474-1A3956D46DE8}") = "Hub.HostedServices", "Hub.HostedServices", "{83A30151-BD2D-4FB2-B3CC-37F2B8B32D82}"
EndProject
Project("{FAE04EC0-301F-11D3-BF4B-00C04F79EFBC}") = "Hub.Settings", "Hub.Settings\Hub.Settings.csproj", "{ABBE1B61-DE3D-49CD-9CB2-AE545B9123C7}"
EndProject
Project("{FAE04EC0-301F-11D3-BF4B-00C04F79EFBC}") = "Hub.Settings.Core", "Hub.Settings.Core\Hub.Settings.Core.csproj", "{07F44819-13A2-49DB-B696-E8D70CE20501}"
EndProject
Project("{FAE04EC0-301F-11D3-BF4B-00C04F79EFBC}") = "Hub.HostedServices.Commands.Configuration", "Hub.HostedServices\Hub.HostedServices.Commands.Configuration\Hub.HostedServices.Commands.Configuration.csproj", "{25733F4B-BC18-474E-BBBA-896B475962F4}"
EndProject
Project("{FAE04EC0-301F-11D3-BF4B-00C04F79EFBC}") = "Hub.HostedServices.Commands.Configuration.Core", "Hub.HostedServices\Hub.HostedServices.Commands.Configuration.Core\Hub.HostedServices.Commands.Configuration.Core.csproj", "{73CA212C-D3A6-4BD1-BEBC-826BFAEF7FA2}"
EndProject
Project("{FAE04EC0-301F-11D3-BF4B-00C04F79EFBC}") = "Hub.HostedServices.Commands.Core", "Hub.HostedServices\Hub.HostedServices.Commands.Core\Hub.HostedServices.Commands.Core.csproj", "{EC1C33C7-9073-47AA-A7FF-17F0E4127382}"
EndProject
Project("{FAE04EC0-301F-11D3-BF4B-00C04F79EFBC}") = "Hub.HostedServices.Commands.Logging", "Hub.HostedServices\Hub.HostedServices.Commands.Logging\Hub.HostedServices.Commands.Logging.csproj", "{B01F0A3F-E01F-4871-901C-5C0713A2491B}"
EndProject
Project("{FAE04EC0-301F-11D3-BF4B-00C04F79EFBC}") = "Hub.HostedServices.Commands.Logging.Core", "Hub.HostedServices\Hub.HostedServices.Commands.Logging.Core\Hub.HostedServices.Commands.Logging.Core.csproj", "{92D5CA16-9593-4EE5-B429-2EFB687B23C3}"
EndProject
Project("{FAE04EC0-301F-11D3-BF4B-00C04F79EFBC}") = "Hub.HostedServices.Core", "Hub.HostedServices\Hub.HostedServices.Core\Hub.HostedServices.Core.csproj", "{A7933A18-B622-4F51-BD59-232FD56FB80C}"
EndProject
Project("{FAE04EC0-301F-11D3-BF4B-00C04F79EFBC}") = "Hub.Storage.Repository.Core", "Hub.Storage\Hub.Storage.Repository.Core\Hub.Storage.Repository.Core.csproj", "{7734856A-9157-4FCB-917F-189B5B7077FC}"
EndProject
Project("{FAE04EC0-301F-11D3-BF4B-00C04F79EFBC}") = "Hub.HostedServices.Schedule", "Hub.HostedServices\Hub.HostedServices.Schedule\Hub.HostedServices.Schedule.csproj", "{6C08BE2C-5E8A-4BE2-9315-B98B70BA9A27}"
EndProject
Project("{FAE04EC0-301F-11D3-BF4B-00C04F79EFBC}") = "Hub.HostedServices.ServiceBusQueue", "Hub.HostedServices\Hub.HostedServices.ServiceBusQueue\Hub.HostedServices.ServiceBusQueue.csproj", "{3BB58B82-7152-4848-8A7A-D95056A35F3E}"
EndProject
Project("{FAE04EC0-301F-11D3-BF4B-00C04F79EFBC}") = "Hub.Storage.Azure", "Hub.Storage\Hub.Storage.Azure\Hub.Storage.Azure.csproj", "{B10A6042-E563-4033-B22F-E95B0D3AC19B}"
EndProject
Project("{FAE04EC0-301F-11D3-BF4B-00C04F79EFBC}") = "Hub.Storage.Azure.Core", "Hub.Storage\Hub.Storage.Azure.Core\Hub.Storage.Azure.Core.csproj", "{A56CC257-D1F5-4C9C-9C60-B9A2A8EBAE08}"
EndProject
Project("{FAE04EC0-301F-11D3-BF4B-00C04F79EFBC}") = "Hub.Storage.Repository.Dto", "Hub.Storage\Hub.Storage.Repository.Dto\Hub.Storage.Repository.Dto.csproj", "{2213AE98-4419-4998-835D-02A4B1CE675F}"
EndProject
Project("{FAE04EC0-301F-11D3-BF4B-00C04F79EFBC}") = "Hub.Storage.Repository.Entities", "Hub.Storage\Hub.Storage.Repository.Entities\Hub.Storage.Repository.Entities.csproj", "{3B0BCE55-B0BA-4A28-BE02-C90AFB37025E}"
EndProject
Project("{FAE04EC0-301F-11D3-BF4B-00C04F79EFBC}") = "Hub.ServiceBus", "Hub.ServiceBus\Hub.ServiceBus.csproj", "{A315546C-C627-42EF-B248-2BA4E21943CD}"
EndProject
Project("{FAE04EC0-301F-11D3-BF4B-00C04F79EFBC}") = "Hub.ServiceBus.Core", "Hub.ServiceBus.Core\Hub.ServiceBus.Core.csproj", "{C8B306C7-62AF-4446-963F-C687F36E2016}"
EndProject
Global
	GlobalSection(SolutionConfigurationPlatforms) = preSolution
		Debug|Any CPU = Debug|Any CPU
		Release|Any CPU = Release|Any CPU
	EndGlobalSection
	GlobalSection(ProjectConfigurationPlatforms) = postSolution
		{A5739153-32DC-43A1-874E-9C76EBF92C2A}.Debug|Any CPU.ActiveCfg = Debug|Any CPU
		{A5739153-32DC-43A1-874E-9C76EBF92C2A}.Debug|Any CPU.Build.0 = Debug|Any CPU
		{A5739153-32DC-43A1-874E-9C76EBF92C2A}.Release|Any CPU.ActiveCfg = Release|Any CPU
		{A5739153-32DC-43A1-874E-9C76EBF92C2A}.Release|Any CPU.Build.0 = Release|Any CPU
		{78DC9B62-21DC-4511-AC01-63DAFF5D6A2C}.Debug|Any CPU.ActiveCfg = Debug|Any CPU
		{78DC9B62-21DC-4511-AC01-63DAFF5D6A2C}.Debug|Any CPU.Build.0 = Debug|Any CPU
		{78DC9B62-21DC-4511-AC01-63DAFF5D6A2C}.Release|Any CPU.ActiveCfg = Release|Any CPU
		{78DC9B62-21DC-4511-AC01-63DAFF5D6A2C}.Release|Any CPU.Build.0 = Release|Any CPU
		{2EC9E03E-FA3D-4276-9A3F-F5A5066D37BB}.Debug|Any CPU.ActiveCfg = Debug|Any CPU
		{2EC9E03E-FA3D-4276-9A3F-F5A5066D37BB}.Debug|Any CPU.Build.0 = Debug|Any CPU
		{2EC9E03E-FA3D-4276-9A3F-F5A5066D37BB}.Release|Any CPU.ActiveCfg = Release|Any CPU
		{2EC9E03E-FA3D-4276-9A3F-F5A5066D37BB}.Release|Any CPU.Build.0 = Release|Any CPU
		{D79812C5-6B79-408C-BBCE-1E4559224789}.Debug|Any CPU.ActiveCfg = Debug|Any CPU
		{D79812C5-6B79-408C-BBCE-1E4559224789}.Debug|Any CPU.Build.0 = Debug|Any CPU
		{D79812C5-6B79-408C-BBCE-1E4559224789}.Release|Any CPU.ActiveCfg = Release|Any CPU
		{D79812C5-6B79-408C-BBCE-1E4559224789}.Release|Any CPU.Build.0 = Release|Any CPU
		{465AFB07-0285-4182-9513-6C5EE29F3B42}.Debug|Any CPU.ActiveCfg = Debug|Any CPU
		{465AFB07-0285-4182-9513-6C5EE29F3B42}.Debug|Any CPU.Build.0 = Debug|Any CPU
		{465AFB07-0285-4182-9513-6C5EE29F3B42}.Release|Any CPU.ActiveCfg = Release|Any CPU
		{465AFB07-0285-4182-9513-6C5EE29F3B42}.Release|Any CPU.Build.0 = Release|Any CPU
		{A7FE0CE7-80A6-41F6-8A05-863A2EE3724E}.Debug|Any CPU.ActiveCfg = Debug|Any CPU
		{A7FE0CE7-80A6-41F6-8A05-863A2EE3724E}.Debug|Any CPU.Build.0 = Debug|Any CPU
		{A7FE0CE7-80A6-41F6-8A05-863A2EE3724E}.Release|Any CPU.ActiveCfg = Release|Any CPU
		{A7FE0CE7-80A6-41F6-8A05-863A2EE3724E}.Release|Any CPU.Build.0 = Release|Any CPU
		{ABBE1B61-DE3D-49CD-9CB2-AE545B9123C7}.Debug|Any CPU.ActiveCfg = Debug|Any CPU
		{ABBE1B61-DE3D-49CD-9CB2-AE545B9123C7}.Debug|Any CPU.Build.0 = Debug|Any CPU
		{ABBE1B61-DE3D-49CD-9CB2-AE545B9123C7}.Release|Any CPU.ActiveCfg = Release|Any CPU
		{ABBE1B61-DE3D-49CD-9CB2-AE545B9123C7}.Release|Any CPU.Build.0 = Release|Any CPU
		{07F44819-13A2-49DB-B696-E8D70CE20501}.Debug|Any CPU.ActiveCfg = Debug|Any CPU
		{07F44819-13A2-49DB-B696-E8D70CE20501}.Debug|Any CPU.Build.0 = Debug|Any CPU
		{07F44819-13A2-49DB-B696-E8D70CE20501}.Release|Any CPU.ActiveCfg = Release|Any CPU
		{07F44819-13A2-49DB-B696-E8D70CE20501}.Release|Any CPU.Build.0 = Release|Any CPU
		{25733F4B-BC18-474E-BBBA-896B475962F4}.Debug|Any CPU.ActiveCfg = Debug|Any CPU
		{25733F4B-BC18-474E-BBBA-896B475962F4}.Debug|Any CPU.Build.0 = Debug|Any CPU
		{25733F4B-BC18-474E-BBBA-896B475962F4}.Release|Any CPU.ActiveCfg = Release|Any CPU
		{25733F4B-BC18-474E-BBBA-896B475962F4}.Release|Any CPU.Build.0 = Release|Any CPU
		{73CA212C-D3A6-4BD1-BEBC-826BFAEF7FA2}.Debug|Any CPU.ActiveCfg = Debug|Any CPU
		{73CA212C-D3A6-4BD1-BEBC-826BFAEF7FA2}.Debug|Any CPU.Build.0 = Debug|Any CPU
		{73CA212C-D3A6-4BD1-BEBC-826BFAEF7FA2}.Release|Any CPU.ActiveCfg = Release|Any CPU
		{73CA212C-D3A6-4BD1-BEBC-826BFAEF7FA2}.Release|Any CPU.Build.0 = Release|Any CPU
		{EC1C33C7-9073-47AA-A7FF-17F0E4127382}.Debug|Any CPU.ActiveCfg = Debug|Any CPU
		{EC1C33C7-9073-47AA-A7FF-17F0E4127382}.Debug|Any CPU.Build.0 = Debug|Any CPU
		{EC1C33C7-9073-47AA-A7FF-17F0E4127382}.Release|Any CPU.ActiveCfg = Release|Any CPU
		{EC1C33C7-9073-47AA-A7FF-17F0E4127382}.Release|Any CPU.Build.0 = Release|Any CPU
		{B01F0A3F-E01F-4871-901C-5C0713A2491B}.Debug|Any CPU.ActiveCfg = Debug|Any CPU
		{B01F0A3F-E01F-4871-901C-5C0713A2491B}.Debug|Any CPU.Build.0 = Debug|Any CPU
		{B01F0A3F-E01F-4871-901C-5C0713A2491B}.Release|Any CPU.ActiveCfg = Release|Any CPU
		{B01F0A3F-E01F-4871-901C-5C0713A2491B}.Release|Any CPU.Build.0 = Release|Any CPU
		{92D5CA16-9593-4EE5-B429-2EFB687B23C3}.Debug|Any CPU.ActiveCfg = Debug|Any CPU
		{92D5CA16-9593-4EE5-B429-2EFB687B23C3}.Debug|Any CPU.Build.0 = Debug|Any CPU
		{92D5CA16-9593-4EE5-B429-2EFB687B23C3}.Release|Any CPU.ActiveCfg = Release|Any CPU
		{92D5CA16-9593-4EE5-B429-2EFB687B23C3}.Release|Any CPU.Build.0 = Release|Any CPU
		{A7933A18-B622-4F51-BD59-232FD56FB80C}.Debug|Any CPU.ActiveCfg = Debug|Any CPU
		{A7933A18-B622-4F51-BD59-232FD56FB80C}.Debug|Any CPU.Build.0 = Debug|Any CPU
		{A7933A18-B622-4F51-BD59-232FD56FB80C}.Release|Any CPU.ActiveCfg = Release|Any CPU
		{A7933A18-B622-4F51-BD59-232FD56FB80C}.Release|Any CPU.Build.0 = Release|Any CPU
		{7734856A-9157-4FCB-917F-189B5B7077FC}.Debug|Any CPU.ActiveCfg = Debug|Any CPU
		{7734856A-9157-4FCB-917F-189B5B7077FC}.Debug|Any CPU.Build.0 = Debug|Any CPU
		{7734856A-9157-4FCB-917F-189B5B7077FC}.Release|Any CPU.ActiveCfg = Release|Any CPU
		{7734856A-9157-4FCB-917F-189B5B7077FC}.Release|Any CPU.Build.0 = Release|Any CPU
		{6C08BE2C-5E8A-4BE2-9315-B98B70BA9A27}.Debug|Any CPU.ActiveCfg = Debug|Any CPU
		{6C08BE2C-5E8A-4BE2-9315-B98B70BA9A27}.Debug|Any CPU.Build.0 = Debug|Any CPU
		{6C08BE2C-5E8A-4BE2-9315-B98B70BA9A27}.Release|Any CPU.ActiveCfg = Release|Any CPU
		{6C08BE2C-5E8A-4BE2-9315-B98B70BA9A27}.Release|Any CPU.Build.0 = Release|Any CPU
		{3BB58B82-7152-4848-8A7A-D95056A35F3E}.Debug|Any CPU.ActiveCfg = Debug|Any CPU
		{3BB58B82-7152-4848-8A7A-D95056A35F3E}.Debug|Any CPU.Build.0 = Debug|Any CPU
		{3BB58B82-7152-4848-8A7A-D95056A35F3E}.Release|Any CPU.ActiveCfg = Release|Any CPU
		{3BB58B82-7152-4848-8A7A-D95056A35F3E}.Release|Any CPU.Build.0 = Release|Any CPU
		{B10A6042-E563-4033-B22F-E95B0D3AC19B}.Debug|Any CPU.ActiveCfg = Debug|Any CPU
		{B10A6042-E563-4033-B22F-E95B0D3AC19B}.Debug|Any CPU.Build.0 = Debug|Any CPU
		{B10A6042-E563-4033-B22F-E95B0D3AC19B}.Release|Any CPU.ActiveCfg = Release|Any CPU
		{B10A6042-E563-4033-B22F-E95B0D3AC19B}.Release|Any CPU.Build.0 = Release|Any CPU
		{A56CC257-D1F5-4C9C-9C60-B9A2A8EBAE08}.Debug|Any CPU.ActiveCfg = Debug|Any CPU
		{A56CC257-D1F5-4C9C-9C60-B9A2A8EBAE08}.Debug|Any CPU.Build.0 = Debug|Any CPU
		{A56CC257-D1F5-4C9C-9C60-B9A2A8EBAE08}.Release|Any CPU.ActiveCfg = Release|Any CPU
		{A56CC257-D1F5-4C9C-9C60-B9A2A8EBAE08}.Release|Any CPU.Build.0 = Release|Any CPU
		{2213AE98-4419-4998-835D-02A4B1CE675F}.Debug|Any CPU.ActiveCfg = Debug|Any CPU
		{2213AE98-4419-4998-835D-02A4B1CE675F}.Debug|Any CPU.Build.0 = Debug|Any CPU
		{2213AE98-4419-4998-835D-02A4B1CE675F}.Release|Any CPU.ActiveCfg = Release|Any CPU
		{2213AE98-4419-4998-835D-02A4B1CE675F}.Release|Any CPU.Build.0 = Release|Any CPU
		{3B0BCE55-B0BA-4A28-BE02-C90AFB37025E}.Debug|Any CPU.ActiveCfg = Debug|Any CPU
		{3B0BCE55-B0BA-4A28-BE02-C90AFB37025E}.Debug|Any CPU.Build.0 = Debug|Any CPU
		{3B0BCE55-B0BA-4A28-BE02-C90AFB37025E}.Release|Any CPU.ActiveCfg = Release|Any CPU
		{3B0BCE55-B0BA-4A28-BE02-C90AFB37025E}.Release|Any CPU.Build.0 = Release|Any CPU
		{A315546C-C627-42EF-B248-2BA4E21943CD}.Debug|Any CPU.ActiveCfg = Debug|Any CPU
		{A315546C-C627-42EF-B248-2BA4E21943CD}.Debug|Any CPU.Build.0 = Debug|Any CPU
		{A315546C-C627-42EF-B248-2BA4E21943CD}.Release|Any CPU.ActiveCfg = Release|Any CPU
		{A315546C-C627-42EF-B248-2BA4E21943CD}.Release|Any CPU.Build.0 = Release|Any CPU
		{C8B306C7-62AF-4446-963F-C687F36E2016}.Debug|Any CPU.ActiveCfg = Debug|Any CPU
		{C8B306C7-62AF-4446-963F-C687F36E2016}.Debug|Any CPU.Build.0 = Debug|Any CPU
		{C8B306C7-62AF-4446-963F-C687F36E2016}.Release|Any CPU.ActiveCfg = Release|Any CPU
		{C8B306C7-62AF-4446-963F-C687F36E2016}.Release|Any CPU.Build.0 = Release|Any CPU
	EndGlobalSection
	GlobalSection(NestedProjects) = preSolution
		{78DC9B62-21DC-4511-AC01-63DAFF5D6A2C} = {B328846E-B016-4808-9D8E-F7D986C53CD6}
		{2EC9E03E-FA3D-4276-9A3F-F5A5066D37BB} = {AA100D82-33FB-46C7-88FD-BC48DCC1B684}
		{A7FE0CE7-80A6-41F6-8A05-863A2EE3724E} = {B328846E-B016-4808-9D8E-F7D986C53CD6}
		{465AFB07-0285-4182-9513-6C5EE29F3B42} = {B328846E-B016-4808-9D8E-F7D986C53CD6}
		{25733F4B-BC18-474E-BBBA-896B475962F4} = {83A30151-BD2D-4FB2-B3CC-37F2B8B32D82}
		{73CA212C-D3A6-4BD1-BEBC-826BFAEF7FA2} = {83A30151-BD2D-4FB2-B3CC-37F2B8B32D82}
		{EC1C33C7-9073-47AA-A7FF-17F0E4127382} = {83A30151-BD2D-4FB2-B3CC-37F2B8B32D82}
		{B01F0A3F-E01F-4871-901C-5C0713A2491B} = {83A30151-BD2D-4FB2-B3CC-37F2B8B32D82}
		{92D5CA16-9593-4EE5-B429-2EFB687B23C3} = {83A30151-BD2D-4FB2-B3CC-37F2B8B32D82}
		{A7933A18-B622-4F51-BD59-232FD56FB80C} = {83A30151-BD2D-4FB2-B3CC-37F2B8B32D82}
		{7734856A-9157-4FCB-917F-189B5B7077FC} = {AA100D82-33FB-46C7-88FD-BC48DCC1B684}
		{6C08BE2C-5E8A-4BE2-9315-B98B70BA9A27} = {83A30151-BD2D-4FB2-B3CC-37F2B8B32D82}
		{3BB58B82-7152-4848-8A7A-D95056A35F3E} = {83A30151-BD2D-4FB2-B3CC-37F2B8B32D82}
		{B10A6042-E563-4033-B22F-E95B0D3AC19B} = {AA100D82-33FB-46C7-88FD-BC48DCC1B684}
		{A56CC257-D1F5-4C9C-9C60-B9A2A8EBAE08} = {AA100D82-33FB-46C7-88FD-BC48DCC1B684}
		{2213AE98-4419-4998-835D-02A4B1CE675F} = {AA100D82-33FB-46C7-88FD-BC48DCC1B684}
		{3B0BCE55-B0BA-4A28-BE02-C90AFB37025E} = {AA100D82-33FB-46C7-88FD-BC48DCC1B684}
	EndGlobalSection
EndGlobal
